
Microsoft Visual Studio Solution File, Format Version 12.00
# Visual Studio Version 17
VisualStudioVersion = 17.9.34728.123
MinimumVisualStudioVersion = 10.0.40219.1
Project("{FAE04EC0-301F-11D3-BF4B-00C04F79EFBC}") = "The Laws of Freach", "The Laws of Freach.csproj", "{87498650-3842-47B6-BB7B-84CB526841CD}"
EndProject
Global
	GlobalSection(SolutionConfigurationPlatforms) = preSolution
		Debug|Any CPU = Debug|Any CPU
		Release|Any CPU = Release|Any CPU
	EndGlobalSection
	GlobalSection(ProjectConfigurationPlatforms) = postSolution
		{87498650-3842-47B6-BB7B-84CB526841CD}.Debug|Any CPU.ActiveCfg = Debug|Any CPU
		{87498650-3842-47B6-BB7B-84CB526841CD}.Debug|Any CPU.Build.0 = Debug|Any CPU
		{87498650-3842-47B6-BB7B-84CB526841CD}.Release|Any CPU.ActiveCfg = Release|Any CPU
		{87498650-3842-47B6-BB7B-84CB526841CD}.Release|Any CPU.Build.0 = Release|Any CPU
	EndGlobalSection
	GlobalSection(SolutionProperties) = preSolution
		HideSolutionNode = FALSE
	EndGlobalSection
	GlobalSection(ExtensibilityGlobals) = postSolution
		SolutionGuid = {2C981C53-1542-435E-9B68-DD14250B7285}
	EndGlobalSection
EndGlobal
